
Microsoft Visual Studio Solution File, Format Version 12.00
# Visual Studio 15
VisualStudioVersion = 15.0.27703.2042
MinimumVisualStudioVersion = 10.0.40219.1
Project("{FAE04EC0-301F-11D3-BF4B-00C04F79EFBC}") = "OrganizerBook", "OrganizerBook\OrganizerBook.csproj", "{819F5F28-5E0D-4FC6-8F6E-A9B82611D8C8}"
EndProject
Global
	GlobalSection(SolutionConfigurationPlatforms) = preSolution
		Debug|Any CPU = Debug|Any CPU
		Release|Any CPU = Release|Any CPU
	EndGlobalSection
	GlobalSection(ProjectConfigurationPlatforms) = postSolution
		{819F5F28-5E0D-4FC6-8F6E-A9B82611D8C8}.Debug|Any CPU.ActiveCfg = Debug|Any CPU
		{819F5F28-5E0D-4FC6-8F6E-A9B82611D8C8}.Debug|Any CPU.Build.0 = Debug|Any CPU
		{819F5F28-5E0D-4FC6-8F6E-A9B82611D8C8}.Release|Any CPU.ActiveCfg = Release|Any CPU
		{819F5F28-5E0D-4FC6-8F6E-A9B82611D8C8}.Release|Any CPU.Build.0 = Release|Any CPU
	EndGlobalSection
	GlobalSection(SolutionProperties) = preSolution
		HideSolutionNode = FALSE
	EndGlobalSection
	GlobalSection(ExtensibilityGlobals) = postSolution
		SolutionGuid = {BAD4148F-3477-4F2F-A350-51C7D26805B7}
	EndGlobalSection
EndGlobal
